Microsoft Visual Studio Solution File, Format Version 12.00
# Visual Studio Version 18
VisualStudioVersion = 18.0.11018.127
MinimumVisualStudioVersion = 10.0.40219.1
Project("{FAE04EC0-301F-11D3-BF4B-00C04F79EFBC}") = "FoundryAgentBot", "src\FoundryAgentBot\FoundryAgentBot.csproj", "{B84A7F30-E998-B348-3FB9-62DDA7494EE1}"
EndProject
Global
	GlobalSection(SolutionConfigurationPlatforms) = preSolution
		Debug|Any CPU = Debug|Any CPU
		Release|Any CPU = Release|Any CPU
	EndGlobalSection
	GlobalSection(ProjectConfigurationPlatforms) = postSolution
		{B84A7F30-E998-B348-3FB9-62DDA7494EE1}.Debug|Any CPU.ActiveCfg = Debug|Any CPU
		{B84A7F30-E998-B348-3FB9-62DDA7494EE1}.Debug|Any CPU.Build.0 = Debug|Any CPU
		{B84A7F30-E998-B348-3FB9-62DDA7494EE1}.Release|Any CPU.ActiveCfg = Release|Any CPU
		{B84A7F30-E998-B348-3FB9-62DDA7494EE1}.Release|Any CPU.Build.0 = Release|Any CPU
	EndGlobalSection
	GlobalSection(SolutionProperties) = preSolution
		HideSolutionNode = FALSE
	EndGlobalSection
	GlobalSection(ExtensibilityGlobals) = postSolution
		SolutionGuid = {939F0748-0B4F-497D-96EC-BF19C3C25A21}
	EndGlobalSection
EndGlobal
